{
  "object": {
    "pins": [
      {
        "package": "AudioStreaming",
        "repositoryURL": "https://github.com/dimitris-c/AudioStreaming",
        "state": {
          "branch": null,
          "revision": "578bbcdbe840a06c9c0cd07640d4ffd616b6b208",
          "version": "0.9.0"
        }
      },
      {
        "package": "VYPlayIndicator",
        "repositoryURL": "https://github.com/obrhoff/VYPlayIndicator",
        "state": {
          "branch": null,
          "revision": "3d84d6ecd3bd95dd5e50177beea4c2ca3d53f9bc",
          "version": "1.5.4"
        }
      }
    ]
  },
  "version": 1
}
